
Microsoft Visual Studio Solution File, Format Version 12.00
# Visual Studio 14
VisualStudioVersion = 14.0.25420.1
MinimumVisualStudioVersion = 10.0.40219.1
Project("{FAE04EC0-301F-11D3-BF4B-00C04F79EFBC}") = "StevenVolckaert.InventorPowerTools", "StevenVolckaert.InventorPowerTools\StevenVolckaert.InventorPowerTools.csproj", "{E304487D-6AA6-425C-9962-ED4423242196}"
EndProject
Project("{FAE04EC0-301F-11D3-BF4B-00C04F79EFBC}") = "StevenVolckaert.InventorPowerTools.Tests", "StevenVolckaert.InventorPowerTools.Tests\StevenVolckaert.InventorPowerTools.Tests.csproj", "{E38C90B4-3394-46A1-A26F-E78FD54368B0}"
EndProject
Project("{2150E333-8FDC-42A3-9474-1A3956D46DE8}") = "Documentation", "Documentation", "{74B32F39-BA24-4F4D-8BBC-68A4DA7BCB5F}"
	ProjectSection(SolutionItems) = preProject
		Documentation\admapi_16_0.chm = Documentation\admapi_16_0.chm
		Documentation\CustomCommand.zip = Documentation\CustomCommand.zip
		Documentation\DocCLSIDs.h = Documentation\DocCLSIDs.h
		Documentation\InventorRibbons.txt = Documentation\InventorRibbons.txt
		Documentation\SimpleAddIn.zip = Documentation\SimpleAddIn.zip
	EndProjectSection
EndProject
Project("{2150E333-8FDC-42A3-9474-1A3956D46DE8}") = "Libraries", "Libraries", "{0145AC46-8795-4218-8EB1-2B370FA0041E}"
	ProjectSection(SolutionItems) = preProject
		Libraries\Autodesk.Inventor.Interop.dll = Libraries\Autodesk.Inventor.Interop.dll
	EndProjectSection
EndProject
Project("{2150E333-8FDC-42A3-9474-1A3956D46DE8}") = "Solution Items", "Solution Items", "{C71165E8-8FFB-420E-B47F-73FBEC175E02}"
	ProjectSection(SolutionItems) = preProject
		.gitattributes = .gitattributes
		.gitignore = .gitignore
		AutodeskDictionary.xml = AutodeskDictionary.xml
		CustomDictionary.xml = CustomDictionary.xml
	EndProjectSection
EndProject
Global
	GlobalSection(SolutionConfigurationPlatforms) = preSolution
		Debug|Any CPU = Debug|Any CPU
		Release|Any CPU = Release|Any CPU
	EndGlobalSection
	GlobalSection(ProjectConfigurationPlatforms) = postSolution
		{E304487D-6AA6-425C-9962-ED4423242196}.Debug|Any CPU.ActiveCfg = Debug|Any CPU
		{E304487D-6AA6-425C-9962-ED4423242196}.Debug|Any CPU.Build.0 = Debug|Any CPU
		{E304487D-6AA6-425C-9962-ED4423242196}.Release|Any CPU.ActiveCfg = Release|Any CPU
		{E304487D-6AA6-425C-9962-ED4423242196}.Release|Any CPU.Build.0 = Release|Any CPU
		{E38C90B4-3394-46A1-A26F-E78FD54368B0}.Debug|Any CPU.ActiveCfg = Debug|Any CPU
		{E38C90B4-3394-46A1-A26F-E78FD54368B0}.Debug|Any CPU.Build.0 = Debug|Any CPU
		{E38C90B4-3394-46A1-A26F-E78FD54368B0}.Release|Any CPU.ActiveCfg = Release|Any CPU
		{E38C90B4-3394-46A1-A26F-E78FD54368B0}.Release|Any CPU.Build.0 = Release|Any CPU
	EndGlobalSection
	GlobalSection(SolutionProperties) = preSolution
		HideSolutionNode = FALSE
	EndGlobalSection
EndGlobal
